
Microsoft Visual Studio Solution File, Format Version 12.00
# Visual Studio Version 17
VisualStudioVersion = 17.9.34723.18
MinimumVisualStudioVersion = 10.0.40219.1
Project("{888888A0-9F3D-457C-B088-3A5042F75D52}") = "ProcessKiller", "ProcessKiller.pyproj", "{E12479AE-467A-49FA-9F98-7EE977BEE64E}"
EndProject
Global
	GlobalSection(SolutionConfigurationPlatforms) = preSolution
		Debug|Any CPU = Debug|Any CPU
		Release|Any CPU = Release|Any CPU
	EndGlobalSection
	GlobalSection(ProjectConfigurationPlatforms) = postSolution
		{E12479AE-467A-49FA-9F98-7EE977BEE64E}.Debug|Any CPU.ActiveCfg = Debug|Any CPU
		{E12479AE-467A-49FA-9F98-7EE977BEE64E}.Release|Any CPU.ActiveCfg = Release|Any CPU
	EndGlobalSection
	GlobalSection(SolutionProperties) = preSolution
		HideSolutionNode = FALSE
	EndGlobalSection
	GlobalSection(ExtensibilityGlobals) = postSolution
		SolutionGuid = {12DFAD1A-6C0E-4CBA-9301-4031E0544A03}
	EndGlobalSection
EndGlobal
